
Microsoft Visual Studio Solution File, Format Version 12.00
# Visual Studio Version 16
VisualStudioVersion = 16.0.29613.14
MinimumVisualStudioVersion = 10.0.40219.1
Project("{FAE04EC0-301F-11D3-BF4B-00C04F79EFBC}") = "PoeSuite", "PoeSuite\PoeSuite.csproj", "{75A5893E-9542-4F78-82A9-49BAED38A7C7}"
EndProject
Project("{2150E333-8FDC-42A3-9474-1A3956D46DE8}") = "Third Party Libs", "Third Party Libs", "{00058F57-2899-4EE4-B3E0-42DB5B45A55D}"
	ProjectSection(SolutionItems) = preProject
		Third Party Libs\discord-rpc.dll = Third Party Libs\discord-rpc.dll
	EndProjectSection
EndProject
Global
	GlobalSection(SolutionConfigurationPlatforms) = preSolution
		Debug|Any CPU = Debug|Any CPU
		Release|Any CPU = Release|Any CPU
	EndGlobalSection
	GlobalSection(ProjectConfigurationPlatforms) = postSolution
		{75A5893E-9542-4F78-82A9-49BAED38A7C7}.Debug|Any CPU.ActiveCfg = Debug|Any CPU
		{75A5893E-9542-4F78-82A9-49BAED38A7C7}.Debug|Any CPU.Build.0 = Debug|Any CPU
		{75A5893E-9542-4F78-82A9-49BAED38A7C7}.Release|Any CPU.ActiveCfg = Release|Any CPU
		{75A5893E-9542-4F78-82A9-49BAED38A7C7}.Release|Any CPU.Build.0 = Release|Any CPU
	EndGlobalSection
	GlobalSection(SolutionProperties) = preSolution
		HideSolutionNode = FALSE
	EndGlobalSection
	GlobalSection(ExtensibilityGlobals) = postSolution
		SolutionGuid = {B57C87C6-21D7-4276-AB59-450C456F5079}
	EndGlobalSection
EndGlobal
